
Microsoft Visual Studio Solution File, Format Version 12.00
# Visual Studio 15
VisualStudioVersion = 15.0.27130.2024
MinimumVisualStudioVersion = 10.0.40219.1
Project("{FAE04EC0-301F-11D3-BF4B-00C04F79EFBC}") = "EmotionPlatzi.Web", "EmotionPlatzi.Web\EmotionPlatzi.Web.csproj", "{BCEB8C36-FECE-4812-878F-3E0975B5E9EF}"
EndProject
Global
	GlobalSection(SolutionConfigurationPlatforms) = preSolution
		Debug|Any CPU = Debug|Any CPU
		Release|Any CPU = Release|Any CPU
	EndGlobalSection
	GlobalSection(ProjectConfigurationPlatforms) = postSolution
		{BCEB8C36-FECE-4812-878F-3E0975B5E9EF}.Debug|Any CPU.ActiveCfg = Debug|Any CPU
		{BCEB8C36-FECE-4812-878F-3E0975B5E9EF}.Debug|Any CPU.Build.0 = Debug|Any CPU
		{BCEB8C36-FECE-4812-878F-3E0975B5E9EF}.Release|Any CPU.ActiveCfg = Release|Any CPU
		{BCEB8C36-FECE-4812-878F-3E0975B5E9EF}.Release|Any CPU.Build.0 = Release|Any CPU
	EndGlobalSection
	GlobalSection(SolutionProperties) = preSolution
		HideSolutionNode = FALSE
	EndGlobalSection
	GlobalSection(ExtensibilityGlobals) = postSolution
		SolutionGuid = {3AF0DD70-D2B2-42F7-9FD5-323B15E2161A}
	EndGlobalSection
EndGlobal
